// !$*UTF8*$!
{
	archiveVersion = 1;
	classes = {
	};
	objectVersion = 56;
	objects = {

/* Begin PBXBuildFile section */
		ED41409C2B7DE41F002690A5 /* PostNewCommentResponse.swift in Sources */ = {isa = PBXBuildFile; fileRef = ED41409B2B7DE41F002690A5 /* PostNewCommentResponse.swift */; };
		ED41409E2B7DF84E002690A5 /* DeleteCommentResponse.swift in Sources */ = {isa = PBXBuildFile; fileRef = ED41409D2B7DF84E002690A5 /* DeleteCommentResponse.swift */; };
		ED4140A02B7DFEEF002690A5 /* DeletePublicationResponse.swift in Sources */ = {isa = PBXBuildFile; fileRef = ED41409F2B7DFEEF002690A5 /* DeletePublicationResponse.swift */; };
		ED4140A22B7E1D26002690A5 /* CircleTimerView.swift in Sources */ = {isa = PBXBuildFile; fileRef = ED4140A12B7E1D26002690A5 /* CircleTimerView.swift */; };
		ED50C44A2B7E2CBC0001EDF6 /* Int.swift in Sources */ = {isa = PBXBuildFile; fileRef = ED50C4492B7E2CBC0001EDF6 /* Int.swift */; };
		ED50C44C2B7E396C0001EDF6 /* View.swift in Sources */ = {isa = PBXBuildFile; fileRef = ED50C44B2B7E396C0001EDF6 /* View.swift */; };
		ED50C44E2B7E3BE20001EDF6 /* PostVisibility.swift in Sources */ = {isa = PBXBuildFile; fileRef = ED50C44D2B7E3BE20001EDF6 /* PostVisibility.swift */; };
		ED50C4502B7E4AB70001EDF6 /* AYErrorAlert.swift in Sources */ = {isa = PBXBuildFile; fileRef = ED50C44F2B7E4AB70001EDF6 /* AYErrorAlert.swift */; };
		ED50C4532B7E4CCC0001EDF6 /* ErrorMessage.swift in Sources */ = {isa = PBXBuildFile; fileRef = ED50C4522B7E4CCC0001EDF6 /* ErrorMessage.swift */; };
		ED50C4552B7E94030001EDF6 /* UserProfile.swift in Sources */ = {isa = PBXBuildFile; fileRef = ED50C4542B7E94030001EDF6 /* UserProfile.swift */; };
		ED50C4572B7E951D0001EDF6 /* UserProfileScreen.swift in Sources */ = {isa = PBXBuildFile; fileRef = ED50C4562B7E951D0001EDF6 /* UserProfileScreen.swift */; };
		ED50C4592B7E98370001EDF6 /* ProfilePicView.swift in Sources */ = {isa = PBXBuildFile; fileRef = ED50C4582B7E98370001EDF6 /* ProfilePicView.swift */; };
		ED50C45E2B7F86A30001EDF6 /* CommentViewModel.swift in Sources */ = {isa = PBXBuildFile; fileRef = ED50C45D2B7F86A30001EDF6 /* CommentViewModel.swift */; };
		ED598BED2B7C139D00B6C23D /* FeedScreen.swift in Sources */ = {isa = PBXBuildFile; fileRef = ED598BEC2B7C139D00B6C23D /* FeedScreen.swift */; };
		ED598BF02B7C147D00B6C23D /* Post.swift in Sources */ = {isa = PBXBuildFile; fileRef = ED598BEF2B7C147D00B6C23D /* Post.swift */; };
		ED598BF22B7C167500B6C23D /* FeedViewModel.swift in Sources */ = {isa = PBXBuildFile; fileRef = ED598BF12B7C167500B6C23D /* FeedViewModel.swift */; };
		ED598BF52B7C16EC00B6C23D /* PostView.swift in Sources */ = {isa = PBXBuildFile; fileRef = ED598BF42B7C16EC00B6C23D /* PostView.swift */; };
		ED598BF82B7C1B9400B6C23D /* Date.swift in Sources */ = {isa = PBXBuildFile; fileRef = ED598BF72B7C1B9400B6C23D /* Date.swift */; };
		ED598BFA2B7C217400B6C23D /* AYProgressView.swift in Sources */ = {isa = PBXBuildFile; fileRef = ED598BF92B7C217400B6C23D /* AYProgressView.swift */; };
		ED598BFC2B7C268C00B6C23D /* NewPostScreen.swift in Sources */ = {isa = PBXBuildFile; fileRef = ED598BFB2B7C268C00B6C23D /* NewPostScreen.swift */; };
		ED598BFE2B7C39FD00B6C23D /* MainTabView.swift in Sources */ = {isa = PBXBuildFile; fileRef = ED598BFD2B7C39FD00B6C23D /* MainTabView.swift */; };
		ED598C012B7C3A3900B6C23D /* AccountScreen.swift in Sources */ = {isa = PBXBuildFile; fileRef = ED598C002B7C3A3900B6C23D /* AccountScreen.swift */; };
		ED598C032B7C42B500B6C23D /* AuthenticationScreen.swift in Sources */ = {isa = PBXBuildFile; fileRef = ED598C022B7C42B500B6C23D /* AuthenticationScreen.swift */; };
		ED598C052B7C43A000B6C23D /* AuthenticationViewModel.swift in Sources */ = {isa = PBXBuildFile; fileRef = ED598C042B7C43A000B6C23D /* AuthenticationViewModel.swift */; };
		ED598C072B7C441500B6C23D /* AuthFlowSegmentedControl.swift in Sources */ = {isa = PBXBuildFile; fileRef = ED598C062B7C441500B6C23D /* AuthFlowSegmentedControl.swift */; };
		ED598C092B7C472200B6C23D /* AYButton.swift in Sources */ = {isa = PBXBuildFile; fileRef = ED598C082B7C472200B6C23D /* AYButton.swift */; };
		ED598C0D2B7C482A00B6C23D /* AYTextField.swift in Sources */ = {isa = PBXBuildFile; fileRef = ED598C0C2B7C482A00B6C23D /* AYTextField.swift */; };
		ED598C0F2B7C499400B6C23D /* AYSecureTextField.swift in Sources */ = {isa = PBXBuildFile; fileRef = ED598C0E2B7C499400B6C23D /* AYSecureTextField.swift */; };
		ED598C112B7C545600B6C23D /* GoogleService-Info.plist in Resources */ = {isa = PBXBuildFile; fileRef = ED598C102B7C545600B6C23D /* GoogleService-Info.plist */; };
		ED598C142B7C550400B6C23D /* FirebaseAnalytics in Frameworks */ = {isa = PBXBuildFile; productRef = ED598C132B7C550400B6C23D /* FirebaseAnalytics */; };
		ED598C162B7C550400B6C23D /* FirebaseAnalyticsOnDeviceConversion in Frameworks */ = {isa = PBXBuildFile; productRef = ED598C152B7C550400B6C23D /* FirebaseAnalyticsOnDeviceConversion */; };
		ED598C182B7C550400B6C23D /* FirebaseAnalyticsSwift in Frameworks */ = {isa = PBXBuildFile; productRef = ED598C172B7C550400B6C23D /* FirebaseAnalyticsSwift */; };
		ED598C1A2B7C550400B6C23D /* FirebaseAnalyticsWithoutAdIdSupport in Frameworks */ = {isa = PBXBuildFile; productRef = ED598C192B7C550400B6C23D /* FirebaseAnalyticsWithoutAdIdSupport */; };
		ED598C1C2B7C550400B6C23D /* FirebaseAppCheck in Frameworks */ = {isa = PBXBuildFile; productRef = ED598C1B2B7C550400B6C23D /* FirebaseAppCheck */; };
		ED598C1E2B7C550400B6C23D /* FirebaseAppDistribution-Beta in Frameworks */ = {isa = PBXBuildFile; productRef = ED598C1D2B7C550400B6C23D /* FirebaseAppDistribution-Beta */; };
		ED598C202B7C550400B6C23D /* FirebaseAuth in Frameworks */ = {isa = PBXBuildFile; productRef = ED598C1F2B7C550400B6C23D /* FirebaseAuth */; };
		ED598C222B7C550400B6C23D /* FirebaseAuthCombine-Community in Frameworks */ = {isa = PBXBuildFile; productRef = ED598C212B7C550400B6C23D /* FirebaseAuthCombine-Community */; };
		ED598C242B7C550400B6C23D /* FirebaseCrashlytics in Frameworks */ = {isa = PBXBuildFile; productRef = ED598C232B7C550400B6C23D /* FirebaseCrashlytics */; };
		ED598C262B7C550400B6C23D /* FirebaseDatabase in Frameworks */ = {isa = PBXBuildFile; productRef = ED598C252B7C550400B6C23D /* FirebaseDatabase */; };
		ED598C282B7C550400B6C23D /* FirebaseDatabaseSwift in Frameworks */ = {isa = PBXBuildFile; productRef = ED598C272B7C550400B6C23D /* FirebaseDatabaseSwift */; };
		ED598C2A2B7C550400B6C23D /* FirebaseDynamicLinks in Frameworks */ = {isa = PBXBuildFile; productRef = ED598C292B7C550400B6C23D /* FirebaseDynamicLinks */; };
		ED598C2C2B7C550400B6C23D /* FirebaseFirestore in Frameworks */ = {isa = PBXBuildFile; productRef = ED598C2B2B7C550400B6C23D /* FirebaseFirestore */; };
		ED598C2E2B7C550400B6C23D /* FirebaseFirestoreCombine-Community in Frameworks */ = {isa = PBXBuildFile; productRef = ED598C2D2B7C550400B6C23D /* FirebaseFirestoreCombine-Community */; };
		ED598C302B7C550400B6C23D /* FirebaseFirestoreSwift in Frameworks */ = {isa = PBXBuildFile; productRef = ED598C2F2B7C550400B6C23D /* FirebaseFirestoreSwift */; };
		ED598C322B7C550400B6C23D /* FirebaseFunctions in Frameworks */ = {isa = PBXBuildFile; productRef = ED598C312B7C550400B6C23D /* FirebaseFunctions */; };
		ED598C342B7C550400B6C23D /* FirebaseFunctionsCombine-Community in Frameworks */ = {isa = PBXBuildFile; productRef = ED598C332B7C550400B6C23D /* FirebaseFunctionsCombine-Community */; };
		ED598C362B7C550400B6C23D /* FirebaseInAppMessaging-Beta in Frameworks */ = {isa = PBXBuildFile; productRef = ED598C352B7C550400B6C23D /* FirebaseInAppMessaging-Beta */; };
		ED598C382B7C550400B6C23D /* FirebaseInAppMessagingSwift-Beta in Frameworks */ = {isa = PBXBuildFile; productRef = ED598C372B7C550400B6C23D /* FirebaseInAppMessagingSwift-Beta */; };
		ED598C3A2B7C550400B6C23D /* FirebaseInstallations in Frameworks */ = {isa = PBXBuildFile; productRef = ED598C392B7C550400B6C23D /* FirebaseInstallations */; };
		ED598C3C2B7C550400B6C23D /* FirebaseMLModelDownloader in Frameworks */ = {isa = PBXBuildFile; productRef = ED598C3B2B7C550400B6C23D /* FirebaseMLModelDownloader */; };
		ED598C3E2B7C550400B6C23D /* FirebaseMessaging in Frameworks */ = {isa = PBXBuildFile; productRef = ED598C3D2B7C550400B6C23D /* FirebaseMessaging */; };
		ED598C402B7C550400B6C23D /* FirebasePerformance in Frameworks */ = {isa = PBXBuildFile; productRef = ED598C3F2B7C550400B6C23D /* FirebasePerformance */; };
		ED598C422B7C550400B6C23D /* FirebaseRemoteConfig in Frameworks */ = {isa = PBXBuildFile; productRef = ED598C412B7C550400B6C23D /* FirebaseRemoteConfig */; };
		ED598C442B7C550400B6C23D /* FirebaseRemoteConfigSwift in Frameworks */ = {isa = PBXBuildFile; productRef = ED598C432B7C550400B6C23D /* FirebaseRemoteConfigSwift */; };
		ED598C462B7C550400B6C23D /* FirebaseStorage in Frameworks */ = {isa = PBXBuildFile; productRef = ED598C452B7C550400B6C23D /* FirebaseStorage */; };
		ED598C482B7C550400B6C23D /* FirebaseStorageCombine-Community in Frameworks */ = {isa = PBXBuildFile; productRef = ED598C472B7C550400B6C23D /* FirebaseStorageCombine-Community */; };
		ED598C4A2B7C576A00B6C23D /* AYProgressButton.swift in Sources */ = {isa = PBXBuildFile; fileRef = ED598C492B7C576A00B6C23D /* AYProgressButton.swift */; };
		ED598C4C2B7C587100B6C23D /* AuthenticatedScreen.swift in Sources */ = {isa = PBXBuildFile; fileRef = ED598C4B2B7C587100B6C23D /* AuthenticatedScreen.swift */; };
		ED598C4F2B7C59D700B6C23D /* SettingsScreen.swift in Sources */ = {isa = PBXBuildFile; fileRef = ED598C4E2B7C59D700B6C23D /* SettingsScreen.swift */; };
		ED598C512B7C80EC00B6C23D /* LocationTestScreen.swift in Sources */ = {isa = PBXBuildFile; fileRef = ED598C502B7C80EC00B6C23D /* LocationTestScreen.swift */; };
		ED598C532B7C81CA00B6C23D /* LocationManager.swift in Sources */ = {isa = PBXBuildFile; fileRef = ED598C522B7C81CA00B6C23D /* LocationManager.swift */; };
		ED5CB1692B7C11C000C336EC /* WhatsGoingNearbyApp.swift in Sources */ = {isa = PBXBuildFile; fileRef = ED5CB1682B7C11C000C336EC /* WhatsGoingNearbyApp.swift */; };
		ED5CB16B2B7C11C000C336EC /* ContentView.swift in Sources */ = {isa = PBXBuildFile; fileRef = ED5CB16A2B7C11C000C336EC /* ContentView.swift */; };
		ED5CB16D2B7C11C500C336EC /* Assets.xcassets in Resources */ = {isa = PBXBuildFile; fileRef = ED5CB16C2B7C11C500C336EC /* Assets.xcassets */; };
		ED5CB1702B7C11C500C336EC /* Preview Assets.xcassets in Resources */ = {isa = PBXBuildFile; fileRef = ED5CB16F2B7C11C500C336EC /* Preview Assets.xcassets */; };
		EDA322242B7C99B6009905B5 /* CalculateDistanceTestScreen.swift in Sources */ = {isa = PBXBuildFile; fileRef = EDA322232B7C99B6009905B5 /* CalculateDistanceTestScreen.swift */; };
		EDA322272B7CA342009905B5 /* HTTPClient.swift in Sources */ = {isa = PBXBuildFile; fileRef = EDA322262B7CA342009905B5 /* HTTPClient.swift */; };
		EDA322292B7CA362009905B5 /* Endpoint.swift in Sources */ = {isa = PBXBuildFile; fileRef = EDA322282B7CA362009905B5 /* Endpoint.swift */; };
		EDA3222C2B7CA3A8009905B5 /* AYServices.swift in Sources */ = {isa = PBXBuildFile; fileRef = EDA3222B2B7CA3A8009905B5 /* AYServices.swift */; };
		EDA3222E2B7CA490009905B5 /* AYEndpoints.swift in Sources */ = {isa = PBXBuildFile; fileRef = EDA3222D2B7CA490009905B5 /* AYEndpoints.swift */; };
		EDA322302B7CB12D009905B5 /* FormattedPost.swift in Sources */ = {isa = PBXBuildFile; fileRef = EDA3222F2B7CB12C009905B5 /* FormattedPost.swift */; };
		EDA322322B7CB5DE009905B5 /* String.swift in Sources */ = {isa = PBXBuildFile; fileRef = EDA322312B7CB5DE009905B5 /* String.swift */; };
		EDA322342B7CB861009905B5 /* URLImageView.swift in Sources */ = {isa = PBXBuildFile; fileRef = EDA322332B7CB861009905B5 /* URLImageView.swift */; };
		EDA322362B7CBF9B009905B5 /* NewPostViewModel.swift in Sources */ = {isa = PBXBuildFile; fileRef = EDA322352B7CBF9B009905B5 /* NewPostViewModel.swift */; };
		EDA322382B7CC145009905B5 /* TimestampTestScreen.swift in Sources */ = {isa = PBXBuildFile; fileRef = EDA322372B7CC145009905B5 /* TimestampTestScreen.swift */; };
		EDA3223B2B7CCD8A009905B5 /* MongoUser.swift in Sources */ = {isa = PBXBuildFile; fileRef = EDA3223A2B7CCD8A009905B5 /* MongoUser.swift */; };
		EDA3223D2B7CCF64009905B5 /* PreparingSessionScreen.swift in Sources */ = {isa = PBXBuildFile; fileRef = EDA3223C2B7CCF64009905B5 /* PreparingSessionScreen.swift */; };
		EDA3223F2B7D6A3F009905B5 /* LikePublicationResponse.swift in Sources */ = {isa = PBXBuildFile; fileRef = EDA3223E2B7D6A3F009905B5 /* LikePublicationResponse.swift */; };
		EDA322412B7D6B55009905B5 /* UnlikePublicationResponse.swift in Sources */ = {isa = PBXBuildFile; fileRef = EDA322402B7D6B55009905B5 /* UnlikePublicationResponse.swift */; };
		EDA322452B7DB07D009905B5 /* CommentScreen.swift in Sources */ = {isa = PBXBuildFile; fileRef = EDA322442B7DB07D009905B5 /* CommentScreen.swift */; };
		EDA322472B7DB221009905B5 /* CommentView.swift in Sources */ = {isa = PBXBuildFile; fileRef = EDA322462B7DB221009905B5 /* CommentView.swift */; };
		EDA322492B7DB2BA009905B5 /* Comment.swift in Sources */ = {isa = PBXBuildFile; fileRef = EDA322482B7DB2BA009905B5 /* Comment.swift */; };
		EDA3224B2B7DB345009905B5 /* FormattedComment.swift in Sources */ = {isa = PBXBuildFile; fileRef = EDA3224A2B7DB345009905B5 /* FormattedComment.swift */; };
/* End PBXBuildFile section */

/* Begin PBXFileReference section */
		ED41409B2B7DE41F002690A5 /* PostNewCommentResponse.swift */ = {isa = PBXFileReference; lastKnownFileType = sourcecode.swift; path = PostNewCommentResponse.swift; sourceTree = "<group>"; };
		ED41409D2B7DF84E002690A5 /* DeleteCommentResponse.swift */ = {isa = PBXFileReference; lastKnownFileType = sourcecode.swift; path = DeleteCommentResponse.swift; sourceTree = "<group>"; };
		ED41409F2B7DFEEF002690A5 /* DeletePublicationResponse.swift */ = {isa = PBXFileReference; lastKnownFileType = sourcecode.swift; path = DeletePublicationResponse.swift; sourceTree = "<group>"; };
		ED4140A12B7E1D26002690A5 /* CircleTimerView.swift */ = {isa = PBXFileReference; lastKnownFileType = sourcecode.swift; path = CircleTimerView.swift; sourceTree = "<group>"; };
		ED50C4492B7E2CBC0001EDF6 /* Int.swift */ = {isa = PBXFileReference; lastKnownFileType = sourcecode.swift; path = Int.swift; sourceTree = "<group>"; };
		ED50C44B2B7E396C0001EDF6 /* View.swift */ = {isa = PBXFileReference; lastKnownFileType = sourcecode.swift; path = View.swift; sourceTree = "<group>"; };
		ED50C44D2B7E3BE20001EDF6 /* PostVisibility.swift */ = {isa = PBXFileReference; lastKnownFileType = sourcecode.swift; path = PostVisibility.swift; sourceTree = "<group>"; };
		ED50C44F2B7E4AB70001EDF6 /* AYErrorAlert.swift */ = {isa = PBXFileReference; lastKnownFileType = sourcecode.swift; path = AYErrorAlert.swift; sourceTree = "<group>"; };
		ED50C4522B7E4CCC0001EDF6 /* ErrorMessage.swift */ = {isa = PBXFileReference; lastKnownFileType = sourcecode.swift; path = ErrorMessage.swift; sourceTree = "<group>"; };
		ED50C4542B7E94030001EDF6 /* UserProfile.swift */ = {isa = PBXFileReference; lastKnownFileType = sourcecode.swift; path = UserProfile.swift; sourceTree = "<group>"; };
		ED50C4562B7E951D0001EDF6 /* UserProfileScreen.swift */ = {isa = PBXFileReference; lastKnownFileType = sourcecode.swift; path = UserProfileScreen.swift; sourceTree = "<group>"; };
		ED50C4582B7E98370001EDF6 /* ProfilePicView.swift */ = {isa = PBXFileReference; lastKnownFileType = sourcecode.swift; path = ProfilePicView.swift; sourceTree = "<group>"; };
		ED50C45D2B7F86A30001EDF6 /* CommentViewModel.swift */ = {isa = PBXFileReference; lastKnownFileType = sourcecode.swift; path = CommentViewModel.swift; sourceTree = "<group>"; };
		ED598BEC2B7C139D00B6C23D /* FeedScreen.swift */ = {isa = PBXFileReference; lastKnownFileType = sourcecode.swift; path = FeedScreen.swift; sourceTree = "<group>"; };
		ED598BEF2B7C147D00B6C23D /* Post.swift */ = {isa = PBXFileReference; lastKnownFileType = sourcecode.swift; name = Post.swift; path = WhatsGoingNearby/Screen/Feed/Post.swift; sourceTree = SOURCE_ROOT; };
		ED598BF12B7C167500B6C23D /* FeedViewModel.swift */ = {isa = PBXFileReference; lastKnownFileType = sourcecode.swift; path = FeedViewModel.swift; sourceTree = "<group>"; };
		ED598BF42B7C16EC00B6C23D /* PostView.swift */ = {isa = PBXFileReference; lastKnownFileType = sourcecode.swift; path = PostView.swift; sourceTree = "<group>"; };
		ED598BF72B7C1B9400B6C23D /* Date.swift */ = {isa = PBXFileReference; lastKnownFileType = sourcecode.swift; path = Date.swift; sourceTree = "<group>"; };
		ED598BF92B7C217400B6C23D /* AYProgressView.swift */ = {isa = PBXFileReference; lastKnownFileType = sourcecode.swift; path = AYProgressView.swift; sourceTree = "<group>"; };
		ED598BFB2B7C268C00B6C23D /* NewPostScreen.swift */ = {isa = PBXFileReference; lastKnownFileType = sourcecode.swift; path = NewPostScreen.swift; sourceTree = "<group>"; };
		ED598BFD2B7C39FD00B6C23D /* MainTabView.swift */ = {isa = PBXFileReference; lastKnownFileType = sourcecode.swift; path = MainTabView.swift; sourceTree = "<group>"; };
		ED598C002B7C3A3900B6C23D /* AccountScreen.swift */ = {isa = PBXFileReference; lastKnownFileType = sourcecode.swift; path = AccountScreen.swift; sourceTree = "<group>"; };
		ED598C022B7C42B500B6C23D /* AuthenticationScreen.swift */ = {isa = PBXFileReference; lastKnownFileType = sourcecode.swift; path = AuthenticationScreen.swift; sourceTree = "<group>"; };
		ED598C042B7C43A000B6C23D /* AuthenticationViewModel.swift */ = {isa = PBXFileReference; lastKnownFileType = sourcecode.swift; path = AuthenticationViewModel.swift; sourceTree = "<group>"; };
		ED598C062B7C441500B6C23D /* AuthFlowSegmentedControl.swift */ = {isa = PBXFileReference; lastKnownFileType = sourcecode.swift; path = AuthFlowSegmentedControl.swift; sourceTree = "<group>"; };
		ED598C082B7C472200B6C23D /* AYButton.swift */ = {isa = PBXFileReference; lastKnownFileType = sourcecode.swift; path = AYButton.swift; sourceTree = "<group>"; };
		ED598C0C2B7C482A00B6C23D /* AYTextField.swift */ = {isa = PBXFileReference; lastKnownFileType = sourcecode.swift; path = AYTextField.swift; sourceTree = "<group>"; };
		ED598C0E2B7C499400B6C23D /* AYSecureTextField.swift */ = {isa = PBXFileReference; lastKnownFileType = sourcecode.swift; path = AYSecureTextField.swift; sourceTree = "<group>"; };
		ED598C102B7C545600B6C23D /* GoogleService-Info.plist */ = {isa = PBXFileReference; fileEncoding = 4; lastKnownFileType = text.plist.xml; path = "GoogleService-Info.plist"; sourceTree = "<group>"; };
		ED598C492B7C576A00B6C23D /* AYProgressButton.swift */ = {isa = PBXFileReference; lastKnownFileType = sourcecode.swift; path = AYProgressButton.swift; sourceTree = "<group>"; };
		ED598C4B2B7C587100B6C23D /* AuthenticatedScreen.swift */ = {isa = PBXFileReference; lastKnownFileType = sourcecode.swift; path = AuthenticatedScreen.swift; sourceTree = "<group>"; };
		ED598C4E2B7C59D700B6C23D /* SettingsScreen.swift */ = {isa = PBXFileReference; lastKnownFileType = sourcecode.swift; path = SettingsScreen.swift; sourceTree = "<group>"; };
		ED598C502B7C80EC00B6C23D /* LocationTestScreen.swift */ = {isa = PBXFileReference; lastKnownFileType = sourcecode.swift; path = LocationTestScreen.swift; sourceTree = "<group>"; };
		ED598C522B7C81CA00B6C23D /* LocationManager.swift */ = {isa = PBXFileReference; lastKnownFileType = sourcecode.swift; path = LocationManager.swift; sourceTree = "<group>"; };
		ED5CB1652B7C11C000C336EC /* WhatsGoingNearby.app */ = {isa = PBXFileReference; explicitFileType = wrapper.application; includeInIndex = 0; path = WhatsGoingNearby.app; sourceTree = BUILT_PRODUCTS_DIR; };
		ED5CB1682B7C11C000C336EC /* WhatsGoingNearbyApp.swift */ = {isa = PBXFileReference; lastKnownFileType = sourcecode.swift; path = WhatsGoingNearbyApp.swift; sourceTree = "<group>"; };
		ED5CB16A2B7C11C000C336EC /* ContentView.swift */ = {isa = PBXFileReference; lastKnownFileType = sourcecode.swift; path = ContentView.swift; sourceTree = "<group>"; };
		ED5CB16C2B7C11C500C336EC /* Assets.xcassets */ = {isa = PBXFileReference; lastKnownFileType = folder.assetcatalog; path = Assets.xcassets; sourceTree = "<group>"; };
		ED5CB16F2B7C11C500C336EC /* Preview Assets.xcassets */ = {isa = PBXFileReference; lastKnownFileType = folder.assetcatalog; path = "Preview Assets.xcassets"; sourceTree = "<group>"; };
		EDA322232B7C99B6009905B5 /* CalculateDistanceTestScreen.swift */ = {isa = PBXFileReference; lastKnownFileType = sourcecode.swift; path = CalculateDistanceTestScreen.swift; sourceTree = "<group>"; };
		EDA322262B7CA342009905B5 /* HTTPClient.swift */ = {isa = PBXFileReference; lastKnownFileType = sourcecode.swift; path = HTTPClient.swift; sourceTree = "<group>"; };
		EDA322282B7CA362009905B5 /* Endpoint.swift */ = {isa = PBXFileReference; lastKnownFileType = sourcecode.swift; path = Endpoint.swift; sourceTree = "<group>"; };
		EDA3222B2B7CA3A8009905B5 /* AYServices.swift */ = {isa = PBXFileReference; lastKnownFileType = sourcecode.swift; path = AYServices.swift; sourceTree = "<group>"; };
		EDA3222D2B7CA490009905B5 /* AYEndpoints.swift */ = {isa = PBXFileReference; lastKnownFileType = sourcecode.swift; path = AYEndpoints.swift; sourceTree = "<group>"; };
		EDA3222F2B7CB12C009905B5 /* FormattedPost.swift */ = {isa = PBXFileReference; lastKnownFileType = sourcecode.swift; path = FormattedPost.swift; sourceTree = "<group>"; };
		EDA322312B7CB5DE009905B5 /* String.swift */ = {isa = PBXFileReference; lastKnownFileType = sourcecode.swift; path = String.swift; sourceTree = "<group>"; };
		EDA322332B7CB861009905B5 /* URLImageView.swift */ = {isa = PBXFileReference; lastKnownFileType = sourcecode.swift; path = URLImageView.swift; sourceTree = "<group>"; };
		EDA322352B7CBF9B009905B5 /* NewPostViewModel.swift */ = {isa = PBXFileReference; lastKnownFileType = sourcecode.swift; path = NewPostViewModel.swift; sourceTree = "<group>"; };
		EDA322372B7CC145009905B5 /* TimestampTestScreen.swift */ = {isa = PBXFileReference; lastKnownFileType = sourcecode.swift; path = TimestampTestScreen.swift; sourceTree = "<group>"; };
		EDA3223A2B7CCD8A009905B5 /* MongoUser.swift */ = {isa = PBXFileReference; lastKnownFileType = sourcecode.swift; path = MongoUser.swift; sourceTree = "<group>"; };
		EDA3223C2B7CCF64009905B5 /* PreparingSessionScreen.swift */ = {isa = PBXFileReference; lastKnownFileType = sourcecode.swift; path = PreparingSessionScreen.swift; sourceTree = "<group>"; };
		EDA3223E2B7D6A3F009905B5 /* LikePublicationResponse.swift */ = {isa = PBXFileReference; lastKnownFileType = sourcecode.swift; path = LikePublicationResponse.swift; sourceTree = "<group>"; };
		EDA322402B7D6B55009905B5 /* UnlikePublicationResponse.swift */ = {isa = PBXFileReference; lastKnownFileType = sourcecode.swift; path = UnlikePublicationResponse.swift; sourceTree = "<group>"; };
		EDA322442B7DB07D009905B5 /* CommentScreen.swift */ = {isa = PBXFileReference; lastKnownFileType = sourcecode.swift; path = CommentScreen.swift; sourceTree = "<group>"; };
		EDA322462B7DB221009905B5 /* CommentView.swift */ = {isa = PBXFileReference; lastKnownFileType = sourcecode.swift; path = CommentView.swift; sourceTree = "<group>"; };
		EDA322482B7DB2BA009905B5 /* Comment.swift */ = {isa = PBXFileReference; lastKnownFileType = sourcecode.swift; path = Comment.swift; sourceTree = "<group>"; };
		EDA3224A2B7DB345009905B5 /* FormattedComment.swift */ = {isa = PBXFileReference; lastKnownFileType = sourcecode.swift; path = FormattedComment.swift; sourceTree = "<group>"; };
/* End PBXFileReference section */

/* Begin PBXFrameworksBuildPhase section */
		ED5CB1622B7C11C000C336EC /* Frameworks */ = {
			isa = PBXFrameworksBuildPhase;
			buildActionMask = 2147483647;
			files = (
				ED598C262B7C550400B6C23D /* FirebaseDatabase in Frameworks */,
				ED598C342B7C550400B6C23D /* FirebaseFunctionsCombine-Community in Frameworks */,
				ED598C2C2B7C550400B6C23D /* FirebaseFirestore in Frameworks */,
				ED598C182B7C550400B6C23D /* FirebaseAnalyticsSwift in Frameworks */,
				ED598C142B7C550400B6C23D /* FirebaseAnalytics in Frameworks */,
				ED598C162B7C550400B6C23D /* FirebaseAnalyticsOnDeviceConversion in Frameworks */,
				ED598C3C2B7C550400B6C23D /* FirebaseMLModelDownloader in Frameworks */,
				ED598C302B7C550400B6C23D /* FirebaseFirestoreSwift in Frameworks */,
				ED598C1C2B7C550400B6C23D /* FirebaseAppCheck in Frameworks */,
				ED598C1A2B7C550400B6C23D /* FirebaseAnalyticsWithoutAdIdSupport in Frameworks */,
				ED598C202B7C550400B6C23D /* FirebaseAuth in Frameworks */,
				ED598C242B7C550400B6C23D /* FirebaseCrashlytics in Frameworks */,
				ED598C442B7C550400B6C23D /* FirebaseRemoteConfigSwift in Frameworks */,
				ED598C362B7C550400B6C23D /* FirebaseInAppMessaging-Beta in Frameworks */,
				ED598C282B7C550400B6C23D /* FirebaseDatabaseSwift in Frameworks */,
				ED598C322B7C550400B6C23D /* FirebaseFunctions in Frameworks */,
				ED598C482B7C550400B6C23D /* FirebaseStorageCombine-Community in Frameworks */,
				ED598C422B7C550400B6C23D /* FirebaseRemoteConfig in Frameworks */,
				ED598C1E2B7C550400B6C23D /* FirebaseAppDistribution-Beta in Frameworks */,
				ED598C222B7C550400B6C23D /* FirebaseAuthCombine-Community in Frameworks */,
				ED598C402B7C550400B6C23D /* FirebasePerformance in Frameworks */,
				ED598C382B7C550400B6C23D /* FirebaseInAppMessagingSwift-Beta in Frameworks */,
				ED598C462B7C550400B6C23D /* FirebaseStorage in Frameworks */,
				ED598C2A2B7C550400B6C23D /* FirebaseDynamicLinks in Frameworks */,
				ED598C2E2B7C550400B6C23D /* FirebaseFirestoreCombine-Community in Frameworks */,
				ED598C3E2B7C550400B6C23D /* FirebaseMessaging in Frameworks */,
				ED598C3A2B7C550400B6C23D /* FirebaseInstallations in Frameworks */,
			);
			runOnlyForDeploymentPostprocessing = 0;
		};
/* End PBXFrameworksBuildPhase section */

/* Begin PBXGroup section */
		ED50C4512B7E4CC20001EDF6 /* Util */ = {
			isa = PBXGroup;
			children = (
				ED50C4522B7E4CCC0001EDF6 /* ErrorMessage.swift */,
			);
			path = Util;
			sourceTree = "<group>";
		};
		ED598BE92B7C121000B6C23D /* Authentication */ = {
			isa = PBXGroup;
			children = (
				ED598C042B7C43A000B6C23D /* AuthenticationViewModel.swift */,
				ED598C022B7C42B500B6C23D /* AuthenticationScreen.swift */,
				ED598C4B2B7C587100B6C23D /* AuthenticatedScreen.swift */,
				EDA3223C2B7CCF64009905B5 /* PreparingSessionScreen.swift */,
			);
			path = Authentication;
			sourceTree = "<group>";
		};
		ED598BEA2B7C121D00B6C23D /* Feed */ = {
			isa = PBXGroup;
			children = (
				ED598BF12B7C167500B6C23D /* FeedViewModel.swift */,
				ED598BEC2B7C139D00B6C23D /* FeedScreen.swift */,
			);
			path = Feed;
			sourceTree = "<group>";
		};
		ED598BEB2B7C122600B6C23D /* Account */ = {
			isa = PBXGroup;
			children = (
				ED598C002B7C3A3900B6C23D /* AccountScreen.swift */,
				ED50C4562B7E951D0001EDF6 /* UserProfileScreen.swift */,
			);
			path = Account;
			sourceTree = "<group>";
		};
		ED598BEE2B7C147400B6C23D /* Model */ = {
			isa = PBXGroup;
			children = (
				ED50C44D2B7E3BE20001EDF6 /* PostVisibility.swift */,
				ED598BEF2B7C147D00B6C23D /* Post.swift */,
				EDA3223A2B7CCD8A009905B5 /* MongoUser.swift */,
				EDA322482B7DB2BA009905B5 /* Comment.swift */,
				EDA3222F2B7CB12C009905B5 /* FormattedPost.swift */,
				EDA3224A2B7DB345009905B5 /* FormattedComment.swift */,
				ED50C4542B7E94030001EDF6 /* UserProfile.swift */,
				EDA322392B7CCD79009905B5 /* Response */,
			);
			path = Model;
			sourceTree = "<group>";
		};
		ED598BF32B7C16DA00B6C23D /* Component */ = {
			isa = PBXGroup;
			children = (
				ED598C0B2B7C47FA00B6C23D /* Auth */,
				ED598C0A2B7C47E300B6C23D /* Global */,
				ED598BF42B7C16EC00B6C23D /* PostView.swift */,
				EDA322462B7DB221009905B5 /* CommentView.swift */,
				ED4140A12B7E1D26002690A5 /* CircleTimerView.swift */,
				ED50C44F2B7E4AB70001EDF6 /* AYErrorAlert.swift */,
				ED50C4582B7E98370001EDF6 /* ProfilePicView.swift */,
			);
			path = Component;
			sourceTree = "<group>";
		};
		ED598BF62B7C1B6F00B6C23D /* Extension */ = {
			isa = PBXGroup;
			children = (
				ED598BF72B7C1B9400B6C23D /* Date.swift */,
				EDA322312B7CB5DE009905B5 /* String.swift */,
				ED50C4492B7E2CBC0001EDF6 /* Int.swift */,
				ED50C44B2B7E396C0001EDF6 /* View.swift */,
			);
			path = Extension;
			sourceTree = "<group>";
		};
		ED598C0A2B7C47E300B6C23D /* Global */ = {
			isa = PBXGroup;
			children = (
				EDA322332B7CB861009905B5 /* URLImageView.swift */,
				ED598C082B7C472200B6C23D /* AYButton.swift */,
				ED598C492B7C576A00B6C23D /* AYProgressButton.swift */,
				ED598BF92B7C217400B6C23D /* AYProgressView.swift */,
			);
			path = Global;
			sourceTree = "<group>";
		};
		ED598C0B2B7C47FA00B6C23D /* Auth */ = {
			isa = PBXGroup;
			children = (
				ED598C0C2B7C482A00B6C23D /* AYTextField.swift */,
				ED598C0E2B7C499400B6C23D /* AYSecureTextField.swift */,
				ED598C062B7C441500B6C23D /* AuthFlowSegmentedControl.swift */,
			);
			path = Auth;
			sourceTree = "<group>";
		};
		ED598C4D2B7C59C600B6C23D /* Settings */ = {
			isa = PBXGroup;
			children = (
				ED598C4E2B7C59D700B6C23D /* SettingsScreen.swift */,
			);
			path = Settings;
			sourceTree = "<group>";
		};
		ED5CB15C2B7C11C000C336EC = {
			isa = PBXGroup;
			children = (
				ED5CB1672B7C11C000C336EC /* WhatsGoingNearby */,
				ED5CB1662B7C11C000C336EC /* Products */,
			);
			sourceTree = "<group>";
		};
		ED5CB1662B7C11C000C336EC /* Products */ = {
			isa = PBXGroup;
			children = (
				ED5CB1652B7C11C000C336EC /* WhatsGoingNearby.app */,
			);
			name = Products;
			sourceTree = "<group>";
		};
		ED5CB1672B7C11C000C336EC /* WhatsGoingNearby */ = {
			isa = PBXGroup;
			children = (
				ED50C4512B7E4CC20001EDF6 /* Util */,
				EDA322252B7CA30C009905B5 /* Network */,
				ED598BF62B7C1B6F00B6C23D /* Extension */,
				ED598BEE2B7C147400B6C23D /* Model */,
				ED598BF32B7C16DA00B6C23D /* Component */,
				ED5CB1762B7C11CB00C336EC /* Screen */,
				ED5CB1682B7C11C000C336EC /* WhatsGoingNearbyApp.swift */,
				ED5CB16A2B7C11C000C336EC /* ContentView.swift */,
				ED598C522B7C81CA00B6C23D /* LocationManager.swift */,
				ED598C102B7C545600B6C23D /* GoogleService-Info.plist */,
				ED5CB16C2B7C11C500C336EC /* Assets.xcassets */,
				ED5CB16E2B7C11C500C336EC /* Preview Content */,
			);
			path = WhatsGoingNearby;
			sourceTree = "<group>";
		};
		ED5CB16E2B7C11C500C336EC /* Preview Content */ = {
			isa = PBXGroup;
			children = (
				ED5CB16F2B7C11C500C336EC /* Preview Assets.xcassets */,
			);
			path = "Preview Content";
			sourceTree = "<group>";
		};
		ED5CB1762B7C11CB00C336EC /* Screen */ = {
			isa = PBXGroup;
			children = (
				ED598BE92B7C121000B6C23D /* Authentication */,
				ED598BEB2B7C122600B6C23D /* Account */,
				ED598BEA2B7C121D00B6C23D /* Feed */,
				EDA322432B7DB068009905B5 /* Comment */,
				EDA322422B7DB059009905B5 /* New Post */,
				ED598C4D2B7C59C600B6C23D /* Settings */,
				ED598BFD2B7C39FD00B6C23D /* MainTabView.swift */,
				ED598C502B7C80EC00B6C23D /* LocationTestScreen.swift */,
				EDA322232B7C99B6009905B5 /* CalculateDistanceTestScreen.swift */,
				EDA322372B7CC145009905B5 /* TimestampTestScreen.swift */,
			);
			path = Screen;
			sourceTree = "<group>";
		};
		EDA322252B7CA30C009905B5 /* Network */ = {
			isa = PBXGroup;
			children = (
				EDA3222D2B7CA490009905B5 /* AYEndpoints.swift */,
				EDA322262B7CA342009905B5 /* HTTPClient.swift */,
				EDA322282B7CA362009905B5 /* Endpoint.swift */,
				EDA3222A2B7CA396009905B5 /* Services */,
			);
			path = Network;
			sourceTree = "<group>";
		};
		EDA3222A2B7CA396009905B5 /* Services */ = {
			isa = PBXGroup;
			children = (
				EDA3222B2B7CA3A8009905B5 /* AYServices.swift */,
			);
			path = Services;
			sourceTree = "<group>";
		};
		EDA322392B7CCD79009905B5 /* Response */ = {
			isa = PBXGroup;
			children = (
				EDA3223E2B7D6A3F009905B5 /* LikePublicationResponse.swift */,
				EDA322402B7D6B55009905B5 /* UnlikePublicationResponse.swift */,
				ED41409B2B7DE41F002690A5 /* PostNewCommentResponse.swift */,
				ED41409D2B7DF84E002690A5 /* DeleteCommentResponse.swift */,
				ED41409F2B7DFEEF002690A5 /* DeletePublicationResponse.swift */,
			);
			path = Response;
			sourceTree = "<group>";
		};
		EDA322422B7DB059009905B5 /* New Post */ = {
			isa = PBXGroup;
			children = (
				EDA322352B7CBF9B009905B5 /* NewPostViewModel.swift */,
				ED598BFB2B7C268C00B6C23D /* NewPostScreen.swift */,
			);
			path = "New Post";
			sourceTree = "<group>";
		};
		EDA322432B7DB068009905B5 /* Comment */ = {
			isa = PBXGroup;
			children = (
				ED50C45D2B7F86A30001EDF6 /* CommentViewModel.swift */,
				EDA322442B7DB07D009905B5 /* CommentScreen.swift */,
			);
			path = Comment;
			sourceTree = "<group>";
		};
/* End PBXGroup section */

/* Begin PBXNativeTarget section */
		ED5CB1642B7C11C000C336EC /* WhatsGoingNearby */ = {
			isa = PBXNativeTarget;
			buildConfigurationList = ED5CB1732B7C11C500C336EC /* Build configuration list for PBXNativeTarget "WhatsGoingNearby" */;
			buildPhases = (
				ED5CB1612B7C11C000C336EC /* Sources */,
				ED5CB1622B7C11C000C336EC /* Frameworks */,
				ED5CB1632B7C11C000C336EC /* Resources */,
			);
			buildRules = (
			);
			dependencies = (
			);
			name = WhatsGoingNearby;
			packageProductDependencies = (
				ED598C132B7C550400B6C23D /* FirebaseAnalytics */,
				ED598C152B7C550400B6C23D /* FirebaseAnalyticsOnDeviceConversion */,
				ED598C172B7C550400B6C23D /* FirebaseAnalyticsSwift */,
				ED598C192B7C550400B6C23D /* FirebaseAnalyticsWithoutAdIdSupport */,
				ED598C1B2B7C550400B6C23D /* FirebaseAppCheck */,
				ED598C1D2B7C550400B6C23D /* FirebaseAppDistribution-Beta */,
				ED598C1F2B7C550400B6C23D /* FirebaseAuth */,
				ED598C212B7C550400B6C23D /* FirebaseAuthCombine-Community */,
				ED598C232B7C550400B6C23D /* FirebaseCrashlytics */,
				ED598C252B7C550400B6C23D /* FirebaseDatabase */,
				ED598C272B7C550400B6C23D /* FirebaseDatabaseSwift */,
				ED598C292B7C550400B6C23D /* FirebaseDynamicLinks */,
				ED598C2B2B7C550400B6C23D /* FirebaseFirestore */,
				ED598C2D2B7C550400B6C23D /* FirebaseFirestoreCombine-Community */,
				ED598C2F2B7C550400B6C23D /* FirebaseFirestoreSwift */,
				ED598C312B7C550400B6C23D /* FirebaseFunctions */,
				ED598C332B7C550400B6C23D /* FirebaseFunctionsCombine-Community */,
				ED598C352B7C550400B6C23D /* FirebaseInAppMessaging-Beta */,
				ED598C372B7C550400B6C23D /* FirebaseInAppMessagingSwift-Beta */,
				ED598C392B7C550400B6C23D /* FirebaseInstallations */,
				ED598C3B2B7C550400B6C23D /* FirebaseMLModelDownloader */,
				ED598C3D2B7C550400B6C23D /* FirebaseMessaging */,
				ED598C3F2B7C550400B6C23D /* FirebasePerformance */,
				ED598C412B7C550400B6C23D /* FirebaseRemoteConfig */,
				ED598C432B7C550400B6C23D /* FirebaseRemoteConfigSwift */,
				ED598C452B7C550400B6C23D /* FirebaseStorage */,
				ED598C472B7C550400B6C23D /* FirebaseStorageCombine-Community */,
			);
			productName = WhatsGoingNearby;
			productReference = ED5CB1652B7C11C000C336EC /* WhatsGoingNearby.app */;
			productType = "com.apple.product-type.application";
		};
/* End PBXNativeTarget section */

/* Begin PBXProject section */
		ED5CB15D2B7C11C000C336EC /* Project object */ = {
			isa = PBXProject;
			attributes = {
				BuildIndependentTargetsInParallel = 1;
				LastSwiftUpdateCheck = 1520;
				LastUpgradeCheck = 1520;
				TargetAttributes = {
					ED5CB1642B7C11C000C336EC = {
						CreatedOnToolsVersion = 15.2;
					};
				};
			};
			buildConfigurationList = ED5CB1602B7C11C000C336EC /* Build configuration list for PBXProject "WhatsGoingNearby" */;
			compatibilityVersion = "Xcode 14.0";
			developmentRegion = en;
			hasScannedForEncodings = 0;
			knownRegions = (
				en,
				Base,
			);
			mainGroup = ED5CB15C2B7C11C000C336EC;
			packageReferences = (
				ED598C122B7C550400B6C23D /* XCRemoteSwiftPackageReference "firebase-ios-sdk" */,
			);
			productRefGroup = ED5CB1662B7C11C000C336EC /* Products */;
			projectDirPath = "";
			projectRoot = "";
			targets = (
				ED5CB1642B7C11C000C336EC /* WhatsGoingNearby */,
			);
		};
/* End PBXProject section */

/* Begin PBXResourcesBuildPhase section */
		ED5CB1632B7C11C000C336EC /* Resources */ = {
			isa = PBXResourcesBuildPhase;
			buildActionMask = 2147483647;
			files = (
				ED5CB1702B7C11C500C336EC /* Preview Assets.xcassets in Resources */,
				ED5CB16D2B7C11C500C336EC /* Assets.xcassets in Resources */,
				ED598C112B7C545600B6C23D /* GoogleService-Info.plist in Resources */,
			);
			runOnlyForDeploymentPostprocessing = 0;
		};
/* End PBXResourcesBuildPhase section */

/* Begin PBXSourcesBuildPhase section */
		ED5CB1612B7C11C000C336EC /* Sources */ = {
			isa = PBXSourcesBuildPhase;
			buildActionMask = 2147483647;
			files = (
				EDA322322B7CB5DE009905B5 /* String.swift in Sources */,
				ED598C092B7C472200B6C23D /* AYButton.swift in Sources */,
				EDA3223B2B7CCD8A009905B5 /* MongoUser.swift in Sources */,
				EDA322412B7D6B55009905B5 /* UnlikePublicationResponse.swift in Sources */,
				ED41409C2B7DE41F002690A5 /* PostNewCommentResponse.swift in Sources */,
				ED598C0F2B7C499400B6C23D /* AYSecureTextField.swift in Sources */,
				EDA322272B7CA342009905B5 /* HTTPClient.swift in Sources */,
				ED598C052B7C43A000B6C23D /* AuthenticationViewModel.swift in Sources */,
				ED50C4532B7E4CCC0001EDF6 /* ErrorMessage.swift in Sources */,
				ED598BFC2B7C268C00B6C23D /* NewPostScreen.swift in Sources */,
				EDA322302B7CB12D009905B5 /* FormattedPost.swift in Sources */,
				ED598C032B7C42B500B6C23D /* AuthenticationScreen.swift in Sources */,
				EDA322382B7CC145009905B5 /* TimestampTestScreen.swift in Sources */,
				ED598BF22B7C167500B6C23D /* FeedViewModel.swift in Sources */,
				EDA3222C2B7CA3A8009905B5 /* AYServices.swift in Sources */,
				ED598C4A2B7C576A00B6C23D /* AYProgressButton.swift in Sources */,
				ED598BFA2B7C217400B6C23D /* AYProgressView.swift in Sources */,
				ED598C4F2B7C59D700B6C23D /* SettingsScreen.swift in Sources */,
				ED50C4572B7E951D0001EDF6 /* UserProfileScreen.swift in Sources */,
				EDA322452B7DB07D009905B5 /* CommentScreen.swift in Sources */,
				ED4140A22B7E1D26002690A5 /* CircleTimerView.swift in Sources */,
				ED5CB16B2B7C11C000C336EC /* ContentView.swift in Sources */,
				EDA3224B2B7DB345009905B5 /* FormattedComment.swift in Sources */,
				ED50C4592B7E98370001EDF6 /* ProfilePicView.swift in Sources */,
				ED50C4552B7E94030001EDF6 /* UserProfile.swift in Sources */,
				EDA322362B7CBF9B009905B5 /* NewPostViewModel.swift in Sources */,
				ED598C4C2B7C587100B6C23D /* AuthenticatedScreen.swift in Sources */,
				EDA322472B7DB221009905B5 /* CommentView.swift in Sources */,
				EDA322242B7C99B6009905B5 /* CalculateDistanceTestScreen.swift in Sources */,
				ED50C4502B7E4AB70001EDF6 /* AYErrorAlert.swift in Sources */,
				ED50C45E2B7F86A30001EDF6 /* CommentViewModel.swift in Sources */,
				ED598C012B7C3A3900B6C23D /* AccountScreen.swift in Sources */,
				ED598BF82B7C1B9400B6C23D /* Date.swift in Sources */,
				ED598BED2B7C139D00B6C23D /* FeedScreen.swift in Sources */,
				EDA322342B7CB861009905B5 /* URLImageView.swift in Sources */,
				EDA3223F2B7D6A3F009905B5 /* LikePublicationResponse.swift in Sources */,
				ED41409E2B7DF84E002690A5 /* DeleteCommentResponse.swift in Sources */,
				ED4140A02B7DFEEF002690A5 /* DeletePublicationResponse.swift in Sources */,
				ED50C44C2B7E396C0001EDF6 /* View.swift in Sources */,
				EDA3222E2B7CA490009905B5 /* AYEndpoints.swift in Sources */,
				ED598C532B7C81CA00B6C23D /* LocationManager.swift in Sources */,
				ED5CB1692B7C11C000C336EC /* WhatsGoingNearbyApp.swift in Sources */,
				ED598BF52B7C16EC00B6C23D /* PostView.swift in Sources */,
				EDA3223D2B7CCF64009905B5 /* PreparingSessionScreen.swift in Sources */,
				ED598BF02B7C147D00B6C23D /* Post.swift in Sources */,
				ED598C072B7C441500B6C23D /* AuthFlowSegmentedControl.swift in Sources */,
				EDA322492B7DB2BA009905B5 /* Comment.swift in Sources */,
				ED598BFE2B7C39FD00B6C23D /* MainTabView.swift in Sources */,
				ED598C0D2B7C482A00B6C23D /* AYTextField.swift in Sources */,
				ED50C44A2B7E2CBC0001EDF6 /* Int.swift in Sources */,
				ED50C44E2B7E3BE20001EDF6 /* PostVisibility.swift in Sources */,
				ED598C512B7C80EC00B6C23D /* LocationTestScreen.swift in Sources */,
				EDA322292B7CA362009905B5 /* Endpoint.swift in Sources */,
			);
			runOnlyForDeploymentPostprocessing = 0;
		};
/* End PBXSourcesBuildPhase section */

/* Begin XCBuildConfiguration section */
		ED5CB1712B7C11C500C336EC /* Debug */ = {
			isa = XCBuildConfiguration;
			buildSettings = {
				ALWAYS_SEARCH_USER_PATHS = NO;
				ASSETCATALOG_COMPILER_GENERATE_SWIFT_ASSET_SYMBOL_EXTENSIONS = YES;
				CLANG_ANALYZER_NONNULL = YES;
				CLANG_ANALYZER_NUMBER_OBJECT_CONVERSION = YES_AGGRESSIVE;
				CLANG_CXX_LANGUAGE_STANDARD = "gnu++20";
				CLANG_ENABLE_MODULES = YES;
				CLANG_ENABLE_OBJC_ARC = YES;
				CLANG_ENABLE_OBJC_WEAK = YES;
				CLANG_WARN_BLOCK_CAPTURE_AUTORELEASING = YES;
				CLANG_WARN_BOOL_CONVERSION = YES;
				CLANG_WARN_COMMA = YES;
				CLANG_WARN_CONSTANT_CONVERSION = YES;
				CLANG_WARN_DEPRECATED_OBJC_IMPLEMENTATIONS = YES;
				CLANG_WARN_DIRECT_OBJC_ISA_USAGE = YES_ERROR;
				CLANG_WARN_DOCUMENTATION_COMMENTS = YES;
				CLANG_WARN_EMPTY_BODY = YES;
				CLANG_WARN_ENUM_CONVERSION = YES;
				CLANG_WARN_INFINITE_RECURSION = YES;
				CLANG_WARN_INT_CONVERSION = YES;
				CLANG_WARN_NON_LITERAL_NULL_CONVERSION = YES;
				CLANG_WARN_OBJC_IMPLICIT_RETAIN_SELF = YES;
				CLANG_WARN_OBJC_LITERAL_CONVERSION = YES;
				CLANG_WARN_OBJC_ROOT_CLASS = YES_ERROR;
				CLANG_WARN_QUOTED_INCLUDE_IN_FRAMEWORK_HEADER = YES;
				CLANG_WARN_RANGE_LOOP_ANALYSIS = YES;
				CLANG_WARN_STRICT_PROTOTYPES = YES;
				CLANG_WARN_SUSPICIOUS_MOVE = YES;
				CLANG_WARN_UNGUARDED_AVAILABILITY = YES_AGGRESSIVE;
				CLANG_WARN_UNREACHABLE_CODE = YES;
				CLANG_WARN__DUPLICATE_METHOD_MATCH = YES;
				COPY_PHASE_STRIP = NO;
				DEBUG_INFORMATION_FORMAT = dwarf;
				ENABLE_STRICT_OBJC_MSGSEND = YES;
				ENABLE_TESTABILITY = YES;
				ENABLE_USER_SCRIPT_SANDBOXING = YES;
				GCC_C_LANGUAGE_STANDARD = gnu17;
				GCC_DYNAMIC_NO_PIC = NO;
				GCC_NO_COMMON_BLOCKS = YES;
				GCC_OPTIMIZATION_LEVEL = 0;
				GCC_PREPROCESSOR_DEFINITIONS = (
					"DEBUG=1",
					"$(inherited)",
				);
				GCC_WARN_64_TO_32_BIT_CONVERSION = YES;
				GCC_WARN_ABOUT_RETURN_TYPE = YES_ERROR;
				GCC_WARN_UNDECLARED_SELECTOR = YES;
				GCC_WARN_UNINITIALIZED_AUTOS = YES_AGGRESSIVE;
				GCC_WARN_UNUSED_FUNCTION = YES;
				GCC_WARN_UNUSED_VARIABLE = YES;
				IPHONEOS_DEPLOYMENT_TARGET = 17.2;
				LOCALIZATION_PREFERS_STRING_CATALOGS = YES;
				MTL_ENABLE_DEBUG_INFO = INCLUDE_SOURCE;
				MTL_FAST_MATH = YES;
				ONLY_ACTIVE_ARCH = YES;
				SDKROOT = iphoneos;
				SWIFT_ACTIVE_COMPILATION_CONDITIONS = "DEBUG $(inherited)";
				SWIFT_OPTIMIZATION_LEVEL = "-Onone";
			};
			name = Debug;
		};
		ED5CB1722B7C11C500C336EC /* Release */ = {
			isa = XCBuildConfiguration;
			buildSettings = {
				ALWAYS_SEARCH_USER_PATHS = NO;
				ASSETCATALOG_COMPILER_GENERATE_SWIFT_ASSET_SYMBOL_EXTENSIONS = YES;
				CLANG_ANALYZER_NONNULL = YES;
				CLANG_ANALYZER_NUMBER_OBJECT_CONVERSION = YES_AGGRESSIVE;
				CLANG_CXX_LANGUAGE_STANDARD = "gnu++20";
				CLANG_ENABLE_MODULES = YES;
				CLANG_ENABLE_OBJC_ARC = YES;
				CLANG_ENABLE_OBJC_WEAK = YES;
				CLANG_WARN_BLOCK_CAPTURE_AUTORELEASING = YES;
				CLANG_WARN_BOOL_CONVERSION = YES;
				CLANG_WARN_COMMA = YES;
				CLANG_WARN_CONSTANT_CONVERSION = YES;
				CLANG_WARN_DEPRECATED_OBJC_IMPLEMENTATIONS = YES;
				CLANG_WARN_DIRECT_OBJC_ISA_USAGE = YES_ERROR;
				CLANG_WARN_DOCUMENTATION_COMMENTS = YES;
				CLANG_WARN_EMPTY_BODY = YES;
				CLANG_WARN_ENUM_CONVERSION = YES;
				CLANG_WARN_INFINITE_RECURSION = YES;
				CLANG_WARN_INT_CONVERSION = YES;
				CLANG_WARN_NON_LITERAL_NULL_CONVERSION = YES;
				CLANG_WARN_OBJC_IMPLICIT_RETAIN_SELF = YES;
				CLANG_WARN_OBJC_LITERAL_CONVERSION = YES;
				CLANG_WARN_OBJC_ROOT_CLASS = YES_ERROR;
				CLANG_WARN_QUOTED_INCLUDE_IN_FRAMEWORK_HEADER = YES;
				CLANG_WARN_RANGE_LOOP_ANALYSIS = YES;
				CLANG_WARN_STRICT_PROTOTYPES = YES;
				CLANG_WARN_SUSPICIOUS_MOVE = YES;
				CLANG_WARN_UNGUARDED_AVAILABILITY = YES_AGGRESSIVE;
				CLANG_WARN_UNREACHABLE_CODE = YES;
				CLANG_WARN__DUPLICATE_METHOD_MATCH = YES;
				COPY_PHASE_STRIP = NO;
				DEBUG_INFORMATION_FORMAT = "dwarf-with-dsym";
				ENABLE_NS_ASSERTIONS = NO;
				ENABLE_STRICT_OBJC_MSGSEND = YES;
				ENABLE_USER_SCRIPT_SANDBOXING = YES;
				GCC_C_LANGUAGE_STANDARD = gnu17;
				GCC_NO_COMMON_BLOCKS = YES;
				GCC_WARN_64_TO_32_BIT_CONVERSION = YES;
				GCC_WARN_ABOUT_RETURN_TYPE = YES_ERROR;
				GCC_WARN_UNDECLARED_SELECTOR = YES;
				GCC_WARN_UNINITIALIZED_AUTOS = YES_AGGRESSIVE;
				GCC_WARN_UNUSED_FUNCTION = YES;
				GCC_WARN_UNUSED_VARIABLE = YES;
				IPHONEOS_DEPLOYMENT_TARGET = 17.2;
				LOCALIZATION_PREFERS_STRING_CATALOGS = YES;
				MTL_ENABLE_DEBUG_INFO = NO;
				MTL_FAST_MATH = YES;
				SDKROOT = iphoneos;
				SWIFT_COMPILATION_MODE = wholemodule;
				VALIDATE_PRODUCT = YES;
			};
			name = Release;
		};
		ED5CB1742B7C11C500C336EC /* Debug */ = {
			isa = XCBuildConfiguration;
			buildSettings = {
				ASSETCATALOG_COMPILER_APPICON_NAME = AppIcon;
				ASSETCATALOG_COMPILER_GLOBAL_ACCENT_COLOR_NAME = AccentColor;
				CODE_SIGN_STYLE = Automatic;
				CURRENT_PROJECT_VERSION = 1;
				DEVELOPMENT_ASSET_PATHS = "\"WhatsGoingNearby/Preview Content\"";
				DEVELOPMENT_TEAM = 3945C3P68V;
				ENABLE_PREVIEWS = YES;
				GENERATE_INFOPLIST_FILE = YES;
				INFOPLIST_KEY_CFBundleDisplayName = "Around You";
				INFOPLIST_KEY_NSLocationWhenInUseUsageDescription = "Your location will connect you with people around you.";
				INFOPLIST_KEY_UIApplicationSceneManifest_Generation = YES;
				INFOPLIST_KEY_UIApplicationSupportsIndirectInputEvents = YES;
				INFOPLIST_KEY_UILaunchScreen_Generation = YES;
				INFOPLIST_KEY_UISupportedInterfaceOrientations_iPad = "UIInterfaceOrientationPortrait UIInterfaceOrientationPortraitUpsideDown UIInterfaceOrientationLandscapeLeft UIInterfaceOrientationLandscapeRight";
				INFOPLIST_KEY_UISupportedInterfaceOrientations_iPhone = "UIInterfaceOrientationPortrait UIInterfaceOrientationLandscapeLeft UIInterfaceOrientationLandscapeRight";
				IPHONEOS_DEPLOYMENT_TARGET = 16;
				LD_RUNPATH_SEARCH_PATHS = (
					"$(inherited)",
					"@executable_path/Frameworks",
				);
				MARKETING_VERSION = 1.0;
				PRODUCT_BUNDLE_IDENTIFIER = ordozgoite.WhatsGoingNearby;
				PRODUCT_NAME = "$(TARGET_NAME)";
				SWIFT_EMIT_LOC_STRINGS = YES;
				SWIFT_VERSION = 5.0;
				TARGETED_DEVICE_FAMILY = "1,2";
			};
			name = Debug;
		};
		ED5CB1752B7C11C500C336EC /* Release */ = {
			isa = XCBuildConfiguration;
			buildSettings = {
				ASSETCATALOG_COMPILER_APPICON_NAME = AppIcon;
				ASSETCATALOG_COMPILER_GLOBAL_ACCENT_COLOR_NAME = AccentColor;
				CODE_SIGN_STYLE = Automatic;
				CURRENT_PROJECT_VERSION = 1;
				DEVELOPMENT_ASSET_PATHS = "\"WhatsGoingNearby/Preview Content\"";
				DEVELOPMENT_TEAM = 3945C3P68V;
				ENABLE_PREVIEWS = YES;
				GENERATE_INFOPLIST_FILE = YES;
				INFOPLIST_KEY_CFBundleDisplayName = "Around You";
				INFOPLIST_KEY_NSLocationWhenInUseUsageDescription = "Your location will connect you with people around you.";
				INFOPLIST_KEY_UIApplicationSceneManifest_Generation = YES;
				INFOPLIST_KEY_UIApplicationSupportsIndirectInputEvents = YES;
				INFOPLIST_KEY_UILaunchScreen_Generation = YES;
				INFOPLIST_KEY_UISupportedInterfaceOrientations_iPad = "UIInterfaceOrientationPortrait UIInterfaceOrientationPortraitUpsideDown UIInterfaceOrientationLandscapeLeft UIInterfaceOrientationLandscapeRight";
				INFOPLIST_KEY_UISupportedInterfaceOrientations_iPhone = "UIInterfaceOrientationPortrait UIInterfaceOrientationLandscapeLeft UIInterfaceOrientationLandscapeRight";
				IPHONEOS_DEPLOYMENT_TARGET = 16;
				LD_RUNPATH_SEARCH_PATHS = (
					"$(inherited)",
					"@executable_path/Frameworks",
				);
				MARKETING_VERSION = 1.0;
				PRODUCT_BUNDLE_IDENTIFIER = ordozgoite.WhatsGoingNearby;
				PRODUCT_NAME = "$(TARGET_NAME)";
				SWIFT_EMIT_LOC_STRINGS = YES;
				SWIFT_VERSION = 5.0;
				TARGETED_DEVICE_FAMILY = "1,2";
			};
			name = Release;
		};
/* End XCBuildConfiguration section */

/* Begin XCConfigurationList section */
		ED5CB1602B7C11C000C336EC /* Build configuration list for PBXProject "WhatsGoingNearby" */ = {
			isa = XCConfigurationList;
			buildConfigurations = (
				ED5CB1712B7C11C500C336EC /* Debug */,
				ED5CB1722B7C11C500C336EC /* Release */,
			);
			defaultConfigurationIsVisible = 0;
			defaultConfigurationName = Release;
		};
		ED5CB1732B7C11C500C336EC /* Build configuration list for PBXNativeTarget "WhatsGoingNearby" */ = {
			isa = XCConfigurationList;
			buildConfigurations = (
				ED5CB1742B7C11C500C336EC /* Debug */,
				ED5CB1752B7C11C500C336EC /* Release */,
			);
			defaultConfigurationIsVisible = 0;
			defaultConfigurationName = Release;
		};
/* End XCConfigurationList section */

/* Begin XCRemoteSwiftPackageReference section */
		ED598C122B7C550400B6C23D /* XCRemoteSwiftPackageReference "firebase-ios-sdk" */ = {
			isa = XCRemoteSwiftPackageReference;
			repositoryURL = "https://github.com/firebase/firebase-ios-sdk";
			requirement = {
				kind = upToNextMajorVersion;
				minimumVersion = 10.21.0;
			};
		};
/* End XCRemoteSwiftPackageReference section */

/* Begin XCSwiftPackageProductDependency section */
		ED598C132B7C550400B6C23D /* FirebaseAnalytics */ = {
			isa = XCSwiftPackageProductDependency;
			package = ED598C122B7C550400B6C23D /* XCRemoteSwiftPackageReference "firebase-ios-sdk" */;
			productName = FirebaseAnalytics;
		};
		ED598C152B7C550400B6C23D /* FirebaseAnalyticsOnDeviceConversion */ = {
			isa = XCSwiftPackageProductDependency;
			package = ED598C122B7C550400B6C23D /* XCRemoteSwiftPackageReference "firebase-ios-sdk" */;
			productName = FirebaseAnalyticsOnDeviceConversion;
		};
		ED598C172B7C550400B6C23D /* FirebaseAnalyticsSwift */ = {
			isa = XCSwiftPackageProductDependency;
			package = ED598C122B7C550400B6C23D /* XCRemoteSwiftPackageReference "firebase-ios-sdk" */;
			productName = FirebaseAnalyticsSwift;
		};
		ED598C192B7C550400B6C23D /* FirebaseAnalyticsWithoutAdIdSupport */ = {
			isa = XCSwiftPackageProductDependency;
			package = ED598C122B7C550400B6C23D /* XCRemoteSwiftPackageReference "firebase-ios-sdk" */;
			productName = FirebaseAnalyticsWithoutAdIdSupport;
		};
		ED598C1B2B7C550400B6C23D /* FirebaseAppCheck */ = {
			isa = XCSwiftPackageProductDependency;
			package = ED598C122B7C550400B6C23D /* XCRemoteSwiftPackageReference "firebase-ios-sdk" */;
			productName = FirebaseAppCheck;
		};
		ED598C1D2B7C550400B6C23D /* FirebaseAppDistribution-Beta */ = {
			isa = XCSwiftPackageProductDependency;
			package = ED598C122B7C550400B6C23D /* XCRemoteSwiftPackageReference "firebase-ios-sdk" */;
			productName = "FirebaseAppDistribution-Beta";
		};
		ED598C1F2B7C550400B6C23D /* FirebaseAuth */ = {
			isa = XCSwiftPackageProductDependency;
			package = ED598C122B7C550400B6C23D /* XCRemoteSwiftPackageReference "firebase-ios-sdk" */;
			productName = FirebaseAuth;
		};
		ED598C212B7C550400B6C23D /* FirebaseAuthCombine-Community */ = {
			isa = XCSwiftPackageProductDependency;
			package = ED598C122B7C550400B6C23D /* XCRemoteSwiftPackageReference "firebase-ios-sdk" */;
			productName = "FirebaseAuthCombine-Community";
		};
		ED598C232B7C550400B6C23D /* FirebaseCrashlytics */ = {
			isa = XCSwiftPackageProductDependency;
			package = ED598C122B7C550400B6C23D /* XCRemoteSwiftPackageReference "firebase-ios-sdk" */;
			productName = FirebaseCrashlytics;
		};
		ED598C252B7C550400B6C23D /* FirebaseDatabase */ = {
			isa = XCSwiftPackageProductDependency;
			package = ED598C122B7C550400B6C23D /* XCRemoteSwiftPackageReference "firebase-ios-sdk" */;
			productName = FirebaseDatabase;
		};
		ED598C272B7C550400B6C23D /* FirebaseDatabaseSwift */ = {
			isa = XCSwiftPackageProductDependency;
			package = ED598C122B7C550400B6C23D /* XCRemoteSwiftPackageReference "firebase-ios-sdk" */;
			productName = FirebaseDatabaseSwift;
		};
		ED598C292B7C550400B6C23D /* FirebaseDynamicLinks */ = {
			isa = XCSwiftPackageProductDependency;
			package = ED598C122B7C550400B6C23D /* XCRemoteSwiftPackageReference "firebase-ios-sdk" */;
			productName = FirebaseDynamicLinks;
		};
		ED598C2B2B7C550400B6C23D /* FirebaseFirestore */ = {
			isa = XCSwiftPackageProductDependency;
			package = ED598C122B7C550400B6C23D /* XCRemoteSwiftPackageReference "firebase-ios-sdk" */;
			productName = FirebaseFirestore;
		};
		ED598C2D2B7C550400B6C23D /* FirebaseFirestoreCombine-Community */ = {
			isa = XCSwiftPackageProductDependency;
			package = ED598C122B7C550400B6C23D /* XCRemoteSwiftPackageReference "firebase-ios-sdk" */;
			productName = "FirebaseFirestoreCombine-Community";
		};
		ED598C2F2B7C550400B6C23D /* FirebaseFirestoreSwift */ = {
			isa = XCSwiftPackageProductDependency;
			package = ED598C122B7C550400B6C23D /* XCRemoteSwiftPackageReference "firebase-ios-sdk" */;
			productName = FirebaseFirestoreSwift;
		};
		ED598C312B7C550400B6C23D /* FirebaseFunctions */ = {
			isa = XCSwiftPackageProductDependency;
			package = ED598C122B7C550400B6C23D /* XCRemoteSwiftPackageReference "firebase-ios-sdk" */;
			productName = FirebaseFunctions;
		};
		ED598C332B7C550400B6C23D /* FirebaseFunctionsCombine-Community */ = {
			isa = XCSwiftPackageProductDependency;
			package = ED598C122B7C550400B6C23D /* XCRemoteSwiftPackageReference "firebase-ios-sdk" */;
			productName = "FirebaseFunctionsCombine-Community";
		};
		ED598C352B7C550400B6C23D /* FirebaseInAppMessaging-Beta */ = {
			isa = XCSwiftPackageProductDependency;
			package = ED598C122B7C550400B6C23D /* XCRemoteSwiftPackageReference "firebase-ios-sdk" */;
			productName = "FirebaseInAppMessaging-Beta";
		};
		ED598C372B7C550400B6C23D /* FirebaseInAppMessagingSwift-Beta */ = {
			isa = XCSwiftPackageProductDependency;
			package = ED598C122B7C550400B6C23D /* XCRemoteSwiftPackageReference "firebase-ios-sdk" */;
			productName = "FirebaseInAppMessagingSwift-Beta";
		};
		ED598C392B7C550400B6C23D /* FirebaseInstallations */ = {
			isa = XCSwiftPackageProductDependency;
			package = ED598C122B7C550400B6C23D /* XCRemoteSwiftPackageReference "firebase-ios-sdk" */;
			productName = FirebaseInstallations;
		};
		ED598C3B2B7C550400B6C23D /* FirebaseMLModelDownloader */ = {
			isa = XCSwiftPackageProductDependency;
			package = ED598C122B7C550400B6C23D /* XCRemoteSwiftPackageReference "firebase-ios-sdk" */;
			productName = FirebaseMLModelDownloader;
		};
		ED598C3D2B7C550400B6C23D /* FirebaseMessaging */ = {
			isa = XCSwiftPackageProductDependency;
			package = ED598C122B7C550400B6C23D /* XCRemoteSwiftPackageReference "firebase-ios-sdk" */;
			productName = FirebaseMessaging;
		};
		ED598C3F2B7C550400B6C23D /* FirebasePerformance */ = {
			isa = XCSwiftPackageProductDependency;
			package = ED598C122B7C550400B6C23D /* XCRemoteSwiftPackageReference "firebase-ios-sdk" */;
			productName = FirebasePerformance;
		};
		ED598C412B7C550400B6C23D /* FirebaseRemoteConfig */ = {
			isa = XCSwiftPackageProductDependency;
			package = ED598C122B7C550400B6C23D /* XCRemoteSwiftPackageReference "firebase-ios-sdk" */;
			productName = FirebaseRemoteConfig;
		};
		ED598C432B7C550400B6C23D /* FirebaseRemoteConfigSwift */ = {
			isa = XCSwiftPackageProductDependency;
			package = ED598C122B7C550400B6C23D /* XCRemoteSwiftPackageReference "firebase-ios-sdk" */;
			productName = FirebaseRemoteConfigSwift;
		};
		ED598C452B7C550400B6C23D /* FirebaseStorage */ = {
			isa = XCSwiftPackageProductDependency;
			package = ED598C122B7C550400B6C23D /* XCRemoteSwiftPackageReference "firebase-ios-sdk" */;
			productName = FirebaseStorage;
		};
		ED598C472B7C550400B6C23D /* FirebaseStorageCombine-Community */ = {
			isa = XCSwiftPackageProductDependency;
			package = ED598C122B7C550400B6C23D /* XCRemoteSwiftPackageReference "firebase-ios-sdk" */;
			productName = "FirebaseStorageCombine-Community";
		};
/* End XCSwiftPackageProductDependency section */
	};
	rootObject = ED5CB15D2B7C11C000C336EC /* Project object */;
}
